// !$*UTF8*$!
{
	archiveVersion = 1;
	classes = {
	};
	objectVersion = 52;
	objects = {

/* Begin PBXBuildFile section */
		A3E8325D2924B0E300A3806E /* AppDelegate.swift in Sources */ = {isa = PBXBuildFile; fileRef = A3E8325C2924B0E300A3806E /* AppDelegate.swift */; };
		A3E8325F2924B0E300A3806E /* SceneDelegate.swift in Sources */ = {isa = PBXBuildFile; fileRef = A3E8325E2924B0E300A3806E /* SceneDelegate.swift */; };
		A3E832612924B0E300A3806E /* ViewController.swift in Sources */ = {isa = PBXBuildFile; fileRef = A3E832602924B0E300A3806E /* ViewController.swift */; };
		A3E832642924B0E300A3806E /* Main.storyboard in Resources */ = {isa = PBXBuildFile; fileRef = A3E832622924B0E300A3806E /* Main.storyboard */; };
		A3E832662924B0E500A3806E /* Assets.xcassets in Resources */ = {isa = PBXBuildFile; fileRef = A3E832652924B0E500A3806E /* Assets.xcassets */; };
		A3E832692924B0E500A3806E /* LaunchScreen.storyboard in Resources */ = {isa = PBXBuildFile; fileRef = A3E832672924B0E500A3806E /* LaunchScreen.storyboard */; };
		B809EEAD2934DC0C006EB46D /* SplashViewController.swift in Sources */ = {isa = PBXBuildFile; fileRef = B809EEAC2934DC0C006EB46D /* SplashViewController.swift */; };
		B809EEB32934DF73006EB46D /* GoogleService-Info.plist in Resources */ = {isa = PBXBuildFile; fileRef = B809EEAE2934DF73006EB46D /* GoogleService-Info.plist */; };
		B809EEB52934DF73006EB46D /* DashboardViewController.swift in Sources */ = {isa = PBXBuildFile; fileRef = B809EEB02934DF73006EB46D /* DashboardViewController.swift */; };
		B809EEB62934DF73006EB46D /* ResetViewController.swift in Sources */ = {isa = PBXBuildFile; fileRef = B809EEB12934DF73006EB46D /* ResetViewController.swift */; };
		B809EEB72934DF73006EB46D /* Constants.swift in Sources */ = {isa = PBXBuildFile; fileRef = B809EEB22934DF73006EB46D /* Constants.swift */; };
		B8480ED0293A847900B457A9 /* FirebaseDatabase in Frameworks */ = {isa = PBXBuildFile; productRef = B8480ECF293A847900B457A9 /* FirebaseDatabase */; };
		B89969462936088100E89EF6 /* SlideMenuViewController.swift in Sources */ = {isa = PBXBuildFile; fileRef = B89969452936088100E89EF6 /* SlideMenuViewController.swift */; };
		B899694829360D3700E89EF6 /* HomeViewController.swift in Sources */ = {isa = PBXBuildFile; fileRef = B899694729360D3700E89EF6 /* HomeViewController.swift */; };
		B899694A29366A6C00E89EF6 /* SettingsViewController.swift in Sources */ = {isa = PBXBuildFile; fileRef = B899694929366A6C00E89EF6 /* SettingsViewController.swift */; };
		B8CB25EA2935254A00956ED5 /* FirebaseAppCheck in Frameworks */ = {isa = PBXBuildFile; productRef = B8CB25E92935254A00956ED5 /* FirebaseAppCheck */; };
		B8CB25EC2935254A00956ED5 /* FirebaseAuth in Frameworks */ = {isa = PBXBuildFile; productRef = B8CB25EB2935254A00956ED5 /* FirebaseAuth */; };
		B8CB25EE2935254A00956ED5 /* FirebaseAuthCombine-Community in Frameworks */ = {isa = PBXBuildFile; productRef = B8CB25ED2935254A00956ED5 /* FirebaseAuthCombine-Community */; };
		B8CB25F02935254A00956ED5 /* FirebaseFirestore in Frameworks */ = {isa = PBXBuildFile; productRef = B8CB25EF2935254A00956ED5 /* FirebaseFirestore */; };
		B8CB25F22935254A00956ED5 /* FirebaseFirestoreSwift in Frameworks */ = {isa = PBXBuildFile; productRef = B8CB25F12935254A00956ED5 /* FirebaseFirestoreSwift */; };
		B8CB25F62935254A00956ED5 /* FirebaseStorage in Frameworks */ = {isa = PBXBuildFile; productRef = B8CB25F52935254A00956ED5 /* FirebaseStorage */; };
/* End PBXBuildFile section */

/* Begin PBXFileReference section */
		A3E832592924B0E300A3806E /* Jurni.app */ = {isa = PBXFileReference; explicitFileType = wrapper.application; includeInIndex = 0; path = Jurni.app; sourceTree = BUILT_PRODUCTS_DIR; };
		A3E8325C2924B0E300A3806E /* AppDelegate.swift */ = {isa = PBXFileReference; lastKnownFileType = sourcecode.swift; path = AppDelegate.swift; sourceTree = "<group>"; };
		A3E8325E2924B0E300A3806E /* SceneDelegate.swift */ = {isa = PBXFileReference; lastKnownFileType = sourcecode.swift; path = SceneDelegate.swift; sourceTree = "<group>"; };
		A3E832602924B0E300A3806E /* ViewController.swift */ = {isa = PBXFileReference; lastKnownFileType = sourcecode.swift; path = ViewController.swift; sourceTree = "<group>"; };
		A3E832632924B0E300A3806E /* Base */ = {isa = PBXFileReference; lastKnownFileType = file.storyboard; name = Base; path = Base.lproj/Main.storyboard; sourceTree = "<group>"; };
		A3E832652924B0E500A3806E /* Assets.xcassets */ = {isa = PBXFileReference; lastKnownFileType = folder.assetcatalog; path = Assets.xcassets; sourceTree = "<group>"; };
		A3E832682924B0E500A3806E /* Base */ = {isa = PBXFileReference; lastKnownFileType = file.storyboard; name = Base; path = Base.lproj/LaunchScreen.storyboard; sourceTree = "<group>"; };
		A3E8326A2924B0E500A3806E /* Info.plist */ = {isa = PBXFileReference; lastKnownFileType = text.plist.xml; path = Info.plist; sourceTree = "<group>"; };
		B809EEAC2934DC0C006EB46D /* SplashViewController.swift */ = {isa = PBXFileReference; fileEncoding = 4; lastKnownFileType = sourcecode.swift; path = SplashViewController.swift; sourceTree = "<group>"; };
		B809EEAE2934DF73006EB46D /* GoogleService-Info.plist */ = {isa = PBXFileReference; fileEncoding = 4; lastKnownFileType = text.plist.xml; path = "GoogleService-Info.plist"; sourceTree = "<group>"; };
		B809EEB02934DF73006EB46D /* DashboardViewController.swift */ = {isa = PBXFileReference; fileEncoding = 4; lastKnownFileType = sourcecode.swift; path = DashboardViewController.swift; sourceTree = "<group>"; };
		B809EEB12934DF73006EB46D /* ResetViewController.swift */ = {isa = PBXFileReference; fileEncoding = 4; lastKnownFileType = sourcecode.swift; path = ResetViewController.swift; sourceTree = "<group>"; };
		B809EEB22934DF73006EB46D /* Constants.swift */ = {isa = PBXFileReference; fileEncoding = 4; lastKnownFileType = sourcecode.swift; path = Constants.swift; sourceTree = "<group>"; };
		B89969452936088100E89EF6 /* SlideMenuViewController.swift */ = {isa = PBXFileReference; lastKnownFileType = sourcecode.swift; path = SlideMenuViewController.swift; sourceTree = "<group>"; };
		B899694729360D3700E89EF6 /* HomeViewController.swift */ = {isa = PBXFileReference; fileEncoding = 4; lastKnownFileType = sourcecode.swift; path = HomeViewController.swift; sourceTree = "<group>"; };
		B899694929366A6C00E89EF6 /* SettingsViewController.swift */ = {isa = PBXFileReference; lastKnownFileType = sourcecode.swift; path = SettingsViewController.swift; sourceTree = "<group>"; };
/* End PBXFileReference section */

/* Begin PBXFrameworksBuildPhase section */
		A3E832562924B0E300A3806E /* Frameworks */ = {
			isa = PBXFrameworksBuildPhase;
			buildActionMask = 2147483647;
			files = (
				B8CB25F22935254A00956ED5 /* FirebaseFirestoreSwift in Frameworks */,
				B8CB25EA2935254A00956ED5 /* FirebaseAppCheck in Frameworks */,
				B8CB25F02935254A00956ED5 /* FirebaseFirestore in Frameworks */,
				B8CB25F62935254A00956ED5 /* FirebaseStorage in Frameworks */,
				B8CB25EE2935254A00956ED5 /* FirebaseAuthCombine-Community in Frameworks */,
				B8480ED0293A847900B457A9 /* FirebaseDatabase in Frameworks */,
				B8CB25EC2935254A00956ED5 /* FirebaseAuth in Frameworks */,
			);
			runOnlyForDeploymentPostprocessing = 0;
		};
/* End PBXFrameworksBuildPhase section */

/* Begin PBXGroup section */
		A3E832502924B0E200A3806E = {
			isa = PBXGroup;
			children = (
				A3E8325B2924B0E300A3806E /* Jurni */,
				A3E8325A2924B0E300A3806E /* Products */,
				B8480ECE293A847900B457A9 /* Frameworks */,
			);
			sourceTree = "<group>";
		};
		A3E8325A2924B0E300A3806E /* Products */ = {
			isa = PBXGroup;
			children = (
				A3E832592924B0E300A3806E /* Jurni.app */,
			);
			name = Products;
			sourceTree = "<group>";
		};
		A3E8325B2924B0E300A3806E /* Jurni */ = {
			isa = PBXGroup;
			children = (
				B809EEB22934DF73006EB46D /* Constants.swift */,
				B809EEB02934DF73006EB46D /* DashboardViewController.swift */,
				B809EEAE2934DF73006EB46D /* GoogleService-Info.plist */,
				B809EEB12934DF73006EB46D /* ResetViewController.swift */,
				B809EEAC2934DC0C006EB46D /* SplashViewController.swift */,
				A3E8325C2924B0E300A3806E /* AppDelegate.swift */,
				A3E8325E2924B0E300A3806E /* SceneDelegate.swift */,
				A3E832602924B0E300A3806E /* ViewController.swift */,
				A3E832622924B0E300A3806E /* Main.storyboard */,
				A3E832652924B0E500A3806E /* Assets.xcassets */,
				A3E832672924B0E500A3806E /* LaunchScreen.storyboard */,
				A3E8326A2924B0E500A3806E /* Info.plist */,
				B89969452936088100E89EF6 /* SlideMenuViewController.swift */,
				B899694729360D3700E89EF6 /* HomeViewController.swift */,
				B899694929366A6C00E89EF6 /* SettingsViewController.swift */,
			);
			path = Jurni;
			sourceTree = "<group>";
		};
		B8480ECE293A847900B457A9 /* Frameworks */ = {
			isa = PBXGroup;
			children = (
			);
			name = Frameworks;
			sourceTree = "<group>";
		};
/* End PBXGroup section */

/* Begin PBXNativeTarget section */
		A3E832582924B0E300A3806E /* Jurni */ = {
			isa = PBXNativeTarget;
			buildConfigurationList = A3E8326D2924B0E500A3806E /* Build configuration list for PBXNativeTarget "Jurni" */;
			buildPhases = (
				A3E832552924B0E300A3806E /* Sources */,
				A3E832562924B0E300A3806E /* Frameworks */,
				A3E832572924B0E300A3806E /* Resources */,
			);
			buildRules = (
			);
			dependencies = (
			);
			name = Jurni;
			packageProductDependencies = (
				B8CB25E92935254A00956ED5 /* FirebaseAppCheck */,
				B8CB25EB2935254A00956ED5 /* FirebaseAuth */,
				B8CB25ED2935254A00956ED5 /* FirebaseAuthCombine-Community */,
				B8CB25EF2935254A00956ED5 /* FirebaseFirestore */,
				B8CB25F12935254A00956ED5 /* FirebaseFirestoreSwift */,
				B8CB25F52935254A00956ED5 /* FirebaseStorage */,
				B8480ECF293A847900B457A9 /* FirebaseDatabase */,
			);
			productName = Jurni;
			productReference = A3E832592924B0E300A3806E /* Jurni.app */;
			productType = "com.apple.product-type.application";
		};
/* End PBXNativeTarget section */

/* Begin PBXProject section */
		A3E832512924B0E300A3806E /* Project object */ = {
			isa = PBXProject;
			attributes = {
				LastSwiftUpdateCheck = 1240;
				LastUpgradeCheck = 1240;
				TargetAttributes = {
					A3E832582924B0E300A3806E = {
						CreatedOnToolsVersion = 12.4;
					};
				};
			};
			buildConfigurationList = A3E832542924B0E300A3806E /* Build configuration list for PBXProject "Jurni" */;
			compatibilityVersion = "Xcode 9.3";
			developmentRegion = en;
			hasScannedForEncodings = 0;
			knownRegions = (
				en,
				Base,
			);
			mainGroup = A3E832502924B0E200A3806E;
			packageReferences = (
				B8CB25E82935254A00956ED5 /* XCRemoteSwiftPackageReference "firebase-ios-sdk" */,
			);
			productRefGroup = A3E8325A2924B0E300A3806E /* Products */;
			projectDirPath = "";
			projectRoot = "";
			targets = (
				A3E832582924B0E300A3806E /* Jurni */,
			);
		};
/* End PBXProject section */

/* Begin PBXResourcesBuildPhase section */
		A3E832572924B0E300A3806E /* Resources */ = {
			isa = PBXResourcesBuildPhase;
			buildActionMask = 2147483647;
			files = (
				A3E832692924B0E500A3806E /* LaunchScreen.storyboard in Resources */,
				B809EEB32934DF73006EB46D /* GoogleService-Info.plist in Resources */,
				A3E832662924B0E500A3806E /* Assets.xcassets in Resources */,
				A3E832642924B0E300A3806E /* Main.storyboard in Resources */,
			);
			runOnlyForDeploymentPostprocessing = 0;
		};
/* End PBXResourcesBuildPhase section */

/* Begin PBXSourcesBuildPhase section */
		A3E832552924B0E300A3806E /* Sources */ = {
			isa = PBXSourcesBuildPhase;
			buildActionMask = 2147483647;
			files = (
				B809EEB52934DF73006EB46D /* DashboardViewController.swift in Sources */,
				A3E832612924B0E300A3806E /* ViewController.swift in Sources */,
				A3E8325D2924B0E300A3806E /* AppDelegate.swift in Sources */,
				B899694A29366A6C00E89EF6 /* SettingsViewController.swift in Sources */,
				B89969462936088100E89EF6 /* SlideMenuViewController.swift in Sources */,
				B899694829360D3700E89EF6 /* HomeViewController.swift in Sources */,
				A3E8325F2924B0E300A3806E /* SceneDelegate.swift in Sources */,
				B809EEB62934DF73006EB46D /* ResetViewController.swift in Sources */,
				B809EEAD2934DC0C006EB46D /* SplashViewController.swift in Sources */,
				B809EEB72934DF73006EB46D /* Constants.swift in Sources */,
			);
			runOnlyForDeploymentPostprocessing = 0;
		};
/* End PBXSourcesBuildPhase section */

/* Begin PBXVariantGroup section */
		A3E832622924B0E300A3806E /* Main.storyboard */ = {
			isa = PBXVariantGroup;
			children = (
				A3E832632924B0E300A3806E /* Base */,
			);
			name = Main.storyboard;
			sourceTree = "<group>";
		};
		A3E832672924B0E500A3806E /* LaunchScreen.storyboard */ = {
			isa = PBXVariantGroup;
			children = (
				A3E832682924B0E500A3806E /* Base */,
			);
			name = LaunchScreen.storyboard;
			sourceTree = "<group>";
		};
/* End PBXVariantGroup section */

/* Begin XCBuildConfiguration section */
		A3E8326B2924B0E500A3806E /* Debug */ = {
			isa = XCBuildConfiguration;
			buildSettings = {
				ALWAYS_SEARCH_USER_PATHS = NO;
				CLANG_ANALYZER_NONNULL = YES;
				CLANG_ANALYZER_NUMBER_OBJECT_CONVERSION = YES_AGGRESSIVE;
				CLANG_CXX_LANGUAGE_STANDARD = "gnu++14";
				CLANG_CXX_LIBRARY = "libc++";
				CLANG_ENABLE_MODULES = YES;
				CLANG_ENABLE_OBJC_ARC = YES;
				CLANG_ENABLE_OBJC_WEAK = YES;
				CLANG_WARN_BLOCK_CAPTURE_AUTORELEASING = YES;
				CLANG_WARN_BOOL_CONVERSION = YES;
				CLANG_WARN_COMMA = YES;
				CLANG_WARN_CONSTANT_CONVERSION = YES;
				CLANG_WARN_DEPRECATED_OBJC_IMPLEMENTATIONS = YES;
				CLANG_WARN_DIRECT_OBJC_ISA_USAGE = YES_ERROR;
				CLANG_WARN_DOCUMENTATION_COMMENTS = YES;
				CLANG_WARN_EMPTY_BODY = YES;
				CLANG_WARN_ENUM_CONVERSION = YES;
				CLANG_WARN_INFINITE_RECURSION = YES;
				CLANG_WARN_INT_CONVERSION = YES;
				CLANG_WARN_NON_LITERAL_NULL_CONVERSION = YES;
				CLANG_WARN_OBJC_IMPLICIT_RETAIN_SELF = YES;
				CLANG_WARN_OBJC_LITERAL_CONVERSION = YES;
				CLANG_WARN_OBJC_ROOT_CLASS = YES_ERROR;
				CLANG_WARN_QUOTED_INCLUDE_IN_FRAMEWORK_HEADER = YES;
				CLANG_WARN_RANGE_LOOP_ANALYSIS = YES;
				CLANG_WARN_STRICT_PROTOTYPES = YES;
				CLANG_WARN_SUSPICIOUS_MOVE = YES;
				CLANG_WARN_UNGUARDED_AVAILABILITY = YES_AGGRESSIVE;
				CLANG_WARN_UNREACHABLE_CODE = YES;
				CLANG_WARN__DUPLICATE_METHOD_MATCH = YES;
				COPY_PHASE_STRIP = NO;
				DEBUG_INFORMATION_FORMAT = dwarf;
				ENABLE_STRICT_OBJC_MSGSEND = YES;
				ENABLE_TESTABILITY = YES;
				GCC_C_LANGUAGE_STANDARD = gnu11;
				GCC_DYNAMIC_NO_PIC = NO;
				GCC_NO_COMMON_BLOCKS = YES;
				GCC_OPTIMIZATION_LEVEL = 0;
				GCC_PREPROCESSOR_DEFINITIONS = (
					"DEBUG=1",
					"$(inherited)",
				);
				GCC_WARN_64_TO_32_BIT_CONVERSION = YES;
				GCC_WARN_ABOUT_RETURN_TYPE = YES_ERROR;
				GCC_WARN_UNDECLARED_SELECTOR = YES;
				GCC_WARN_UNINITIALIZED_AUTOS = YES_AGGRESSIVE;
				GCC_WARN_UNUSED_FUNCTION = YES;
				GCC_WARN_UNUSED_VARIABLE = YES;
				IPHONEOS_DEPLOYMENT_TARGET = 16.1;
				MTL_ENABLE_DEBUG_INFO = INCLUDE_SOURCE;
				MTL_FAST_MATH = YES;
				ONLY_ACTIVE_ARCH = YES;
				SDKROOT = iphoneos;
				SWIFT_ACTIVE_COMPILATION_CONDITIONS = DEBUG;
				SWIFT_OPTIMIZATION_LEVEL = "-Onone";
			};
			name = Debug;
		};
		A3E8326C2924B0E500A3806E /* Release */ = {
			isa = XCBuildConfiguration;
			buildSettings = {
				ALWAYS_SEARCH_USER_PATHS = NO;
				CLANG_ANALYZER_NONNULL = YES;
				CLANG_ANALYZER_NUMBER_OBJECT_CONVERSION = YES_AGGRESSIVE;
				CLANG_CXX_LANGUAGE_STANDARD = "gnu++14";
				CLANG_CXX_LIBRARY = "libc++";
				CLANG_ENABLE_MODULES = YES;
				CLANG_ENABLE_OBJC_ARC = YES;
				CLANG_ENABLE_OBJC_WEAK = YES;
				CLANG_WARN_BLOCK_CAPTURE_AUTORELEASING = YES;
				CLANG_WARN_BOOL_CONVERSION = YES;
				CLANG_WARN_COMMA = YES;
				CLANG_WARN_CONSTANT_CONVERSION = YES;
				CLANG_WARN_DEPRECATED_OBJC_IMPLEMENTATIONS = YES;
				CLANG_WARN_DIRECT_OBJC_ISA_USAGE = YES_ERROR;
				CLANG_WARN_DOCUMENTATION_COMMENTS = YES;
				CLANG_WARN_EMPTY_BODY = YES;
				CLANG_WARN_ENUM_CONVERSION = YES;
				CLANG_WARN_INFINITE_RECURSION = YES;
				CLANG_WARN_INT_CONVERSION = YES;
				CLANG_WARN_NON_LITERAL_NULL_CONVERSION = YES;
				CLANG_WARN_OBJC_IMPLICIT_RETAIN_SELF = YES;
				CLANG_WARN_OBJC_LITERAL_CONVERSION = YES;
				CLANG_WARN_OBJC_ROOT_CLASS = YES_ERROR;
				CLANG_WARN_QUOTED_INCLUDE_IN_FRAMEWORK_HEADER = YES;
				CLANG_WARN_RANGE_LOOP_ANALYSIS = YES;
				CLANG_WARN_STRICT_PROTOTYPES = YES;
				CLANG_WARN_SUSPICIOUS_MOVE = YES;
				CLANG_WARN_UNGUARDED_AVAILABILITY = YES_AGGRESSIVE;
				CLANG_WARN_UNREACHABLE_CODE = YES;
				CLANG_WARN__DUPLICATE_METHOD_MATCH = YES;
				COPY_PHASE_STRIP = NO;
				DEBUG_INFORMATION_FORMAT = "dwarf-with-dsym";
				ENABLE_NS_ASSERTIONS = NO;
				ENABLE_STRICT_OBJC_MSGSEND = YES;
				GCC_C_LANGUAGE_STANDARD = gnu11;
				GCC_NO_COMMON_BLOCKS = YES;
				GCC_WARN_64_TO_32_BIT_CONVERSION = YES;
				GCC_WARN_ABOUT_RETURN_TYPE = YES_ERROR;
				GCC_WARN_UNDECLARED_SELECTOR = YES;
				GCC_WARN_UNINITIALIZED_AUTOS = YES_AGGRESSIVE;
				GCC_WARN_UNUSED_FUNCTION = YES;
				GCC_WARN_UNUSED_VARIABLE = YES;
				IPHONEOS_DEPLOYMENT_TARGET = 16.1;
				MTL_ENABLE_DEBUG_INFO = NO;
				MTL_FAST_MATH = YES;
				SDKROOT = iphoneos;
				SWIFT_COMPILATION_MODE = wholemodule;
				SWIFT_OPTIMIZATION_LEVEL = "-O";
				VALIDATE_PRODUCT = YES;
			};
			name = Release;
		};
		A3E8326E2924B0E500A3806E /* Debug */ = {
			isa = XCBuildConfiguration;
			buildSettings = {
				ASSETCATALOG_COMPILER_APPICON_NAME = AppIcon;
				ASSETCATALOG_COMPILER_GLOBAL_ACCENT_COLOR_NAME = AccentColor;
				CODE_SIGN_STYLE = Automatic;
				DEVELOPMENT_TEAM = AWRFVJ9H35;
				INFOPLIST_FILE = Jurni/Info.plist;
				LD_RUNPATH_SEARCH_PATHS = (
					"$(inherited)",
					"@executable_path/Frameworks",
				);
				PRODUCT_BUNDLE_IDENTIFIER = toolboxos.jurni;
				PRODUCT_NAME = "$(TARGET_NAME)";
				SWIFT_VERSION = 5.0;
				TARGETED_DEVICE_FAMILY = 1;
			};
			name = Debug;
		};
		A3E8326F2924B0E500A3806E /* Release */ = {
			isa = XCBuildConfiguration;
			buildSettings = {
				ASSETCATALOG_COMPILER_APPICON_NAME = AppIcon;
				ASSETCATALOG_COMPILER_GLOBAL_ACCENT_COLOR_NAME = AccentColor;
				CODE_SIGN_STYLE = Automatic;
				DEVELOPMENT_TEAM = AWRFVJ9H35;
				INFOPLIST_FILE = Jurni/Info.plist;
				LD_RUNPATH_SEARCH_PATHS = (
					"$(inherited)",
					"@executable_path/Frameworks",
				);
				PRODUCT_BUNDLE_IDENTIFIER = toolboxos.jurni;
				PRODUCT_NAME = "$(TARGET_NAME)";
				SWIFT_VERSION = 5.0;
				TARGETED_DEVICE_FAMILY = 1;
			};
			name = Release;
		};
/* End XCBuildConfiguration section */

/* Begin XCConfigurationList section */
		A3E832542924B0E300A3806E /* Build configuration list for PBXProject "Jurni" */ = {
			isa = XCConfigurationList;
			buildConfigurations = (
				A3E8326B2924B0E500A3806E /* Debug */,
				A3E8326C2924B0E500A3806E /* Release */,
			);
			defaultConfigurationIsVisible = 0;
			defaultConfigurationName = Release;
		};
		A3E8326D2924B0E500A3806E /* Build configuration list for PBXNativeTarget "Jurni" */ = {
			isa = XCConfigurationList;
			buildConfigurations = (
				A3E8326E2924B0E500A3806E /* Debug */,
				A3E8326F2924B0E500A3806E /* Release */,
			);
			defaultConfigurationIsVisible = 0;
			defaultConfigurationName = Release;
		};
/* End XCConfigurationList section */

/* Begin XCRemoteSwiftPackageReference section */
		B8CB25E82935254A00956ED5 /* XCRemoteSwiftPackageReference "firebase-ios-sdk" */ = {
			isa = XCRemoteSwiftPackageReference;
			repositoryURL = "https://github.com/firebase/firebase-ios-sdk";
			requirement = {
				branch = master;
				kind = branch;
			};
		};
/* End XCRemoteSwiftPackageReference section */

/* Begin XCSwiftPackageProductDependency section */
		B8480ECF293A847900B457A9 /* FirebaseDatabase */ = {
			isa = XCSwiftPackageProductDependency;
			package = B8CB25E82935254A00956ED5 /* XCRemoteSwiftPackageReference "firebase-ios-sdk" */;
			productName = FirebaseDatabase;
		};
		B8CB25E92935254A00956ED5 /* FirebaseAppCheck */ = {
			isa = XCSwiftPackageProductDependency;
			package = B8CB25E82935254A00956ED5 /* XCRemoteSwiftPackageReference "firebase-ios-sdk" */;
			productName = FirebaseAppCheck;
		};
		B8CB25EB2935254A00956ED5 /* FirebaseAuth */ = {
			isa = XCSwiftPackageProductDependency;
			package = B8CB25E82935254A00956ED5 /* XCRemoteSwiftPackageReference "firebase-ios-sdk" */;
			productName = FirebaseAuth;
		};
		B8CB25ED2935254A00956ED5 /* FirebaseAuthCombine-Community */ = {
			isa = XCSwiftPackageProductDependency;
			package = B8CB25E82935254A00956ED5 /* XCRemoteSwiftPackageReference "firebase-ios-sdk" */;
			productName = "FirebaseAuthCombine-Community";
		};
		B8CB25EF2935254A00956ED5 /* FirebaseFirestore */ = {
			isa = XCSwiftPackageProductDependency;
			package = B8CB25E82935254A00956ED5 /* XCRemoteSwiftPackageReference "firebase-ios-sdk" */;
			productName = FirebaseFirestore;
		};
		B8CB25F12935254A00956ED5 /* FirebaseFirestoreSwift */ = {
			isa = XCSwiftPackageProductDependency;
			package = B8CB25E82935254A00956ED5 /* XCRemoteSwiftPackageReference "firebase-ios-sdk" */;
			productName = FirebaseFirestoreSwift;
		};
		B8CB25F52935254A00956ED5 /* FirebaseStorage */ = {
			isa = XCSwiftPackageProductDependency;
			package = B8CB25E82935254A00956ED5 /* XCRemoteSwiftPackageReference "firebase-ios-sdk" */;
			productName = FirebaseStorage;
		};
/* End XCSwiftPackageProductDependency section */
	};
	rootObject = A3E832512924B0E300A3806E /* Project object */;
}
